
Microsoft Visual Studio Solution File, Format Version 12.00
# Visual Studio 15
VisualStudioVersion = 15.0.27004.2005
MinimumVisualStudioVersion = 10.0.40219.1
Project("{FAE04EC0-301F-11D3-BF4B-00C04F79EFBC}") = "PartyInvites", "PartyInvites\PartyInvites.csproj", "{541415B7-DC2E-4FF7-894E-EE94EC29B8E4}"
EndProject
Global
	GlobalSection(SolutionConfigurationPlatforms) = preSolution
		Debug|Any CPU = Debug|Any CPU
		Release|Any CPU = Release|Any CPU
	EndGlobalSection
	GlobalSection(ProjectConfigurationPlatforms) = postSolution
		{541415B7-DC2E-4FF7-894E-EE94EC29B8E4}.Debug|Any CPU.ActiveCfg = Debug|Any CPU
		{541415B7-DC2E-4FF7-894E-EE94EC29B8E4}.Debug|Any CPU.Build.0 = Debug|Any CPU
		{541415B7-DC2E-4FF7-894E-EE94EC29B8E4}.Release|Any CPU.ActiveCfg = Release|Any CPU
		{541415B7-DC2E-4FF7-894E-EE94EC29B8E4}.Release|Any CPU.Build.0 = Release|Any CPU
	EndGlobalSection
	GlobalSection(SolutionProperties) = preSolution
		HideSolutionNode = FALSE
	EndGlobalSection
	GlobalSection(ExtensibilityGlobals) = postSolution
		SolutionGuid = {CD1D19B0-1B23-4700-9BB8-A0BB45C4540A}
	EndGlobalSection
EndGlobal
